
Microsoft Visual Studio Solution File, Format Version 12.00
# Visual Studio Version 16
VisualStudioVersion = 16.0.29613.14
MinimumVisualStudioVersion = 10.0.40219.1
Project("{FAE04EC0-301F-11D3-BF4B-00C04F79EFBC}") = "Domain", "Domain\Domain.csproj", "{AF454A42-41CE-431D-AA63-8B40E5E292AC}"
EndProject
Global
	GlobalSection(SolutionConfigurationPlatforms) = preSolution
		Debug|Any CPU = Debug|Any CPU
		Release|Any CPU = Release|Any CPU
	EndGlobalSection
	GlobalSection(ProjectConfigurationPlatforms) = postSolution
		{AF454A42-41CE-431D-AA63-8B40E5E292AC}.Debug|Any CPU.ActiveCfg = Debug|Any CPU
		{AF454A42-41CE-431D-AA63-8B40E5E292AC}.Debug|Any CPU.Build.0 = Debug|Any CPU
		{AF454A42-41CE-431D-AA63-8B40E5E292AC}.Release|Any CPU.ActiveCfg = Release|Any CPU
		{AF454A42-41CE-431D-AA63-8B40E5E292AC}.Release|Any CPU.Build.0 = Release|Any CPU
	EndGlobalSection
	GlobalSection(SolutionProperties) = preSolution
		HideSolutionNode = FALSE
	EndGlobalSection
	GlobalSection(ExtensibilityGlobals) = postSolution
		SolutionGuid = {2A331AB6-44ED-4505-B9F6-DDAAA3E32967}
	EndGlobalSection
EndGlobal
